
Microsoft Visual Studio Solution File, Format Version 12.00
# Visual Studio Version 17
VisualStudioVersion = 17.11.35327.3
MinimumVisualStudioVersion = 10.0.40219.1
Project("{9A19103F-16F7-4668-BE54-9A1E7A4F7556}") = "TaskManager", "TaskManager\TaskManager.csproj", "{FE1A042B-5F07-4A44-97D2-B67BAC1BB0E1}"
EndProject
Global
	GlobalSection(SolutionConfigurationPlatforms) = preSolution
		Debug|Any CPU = Debug|Any CPU
		Release|Any CPU = Release|Any CPU
	EndGlobalSection
	GlobalSection(ProjectConfigurationPlatforms) = postSolution
		{FE1A042B-5F07-4A44-97D2-B67BAC1BB0E1}.Debug|Any CPU.ActiveCfg = Debug|Any CPU
		{FE1A042B-5F07-4A44-97D2-B67BAC1BB0E1}.Debug|Any CPU.Build.0 = Debug|Any CPU
		{FE1A042B-5F07-4A44-97D2-B67BAC1BB0E1}.Release|Any CPU.ActiveCfg = Release|Any CPU
		{FE1A042B-5F07-4A44-97D2-B67BAC1BB0E1}.Release|Any CPU.Build.0 = Release|Any CPU
	EndGlobalSection
	GlobalSection(SolutionProperties) = preSolution
		HideSolutionNode = FALSE
	EndGlobalSection
	GlobalSection(ExtensibilityGlobals) = postSolution
		SolutionGuid = {0A797A12-1A6C-41C8-9AA5-A685C40DBABB}
	EndGlobalSection
EndGlobal
